
Microsoft Visual Studio Solution File, Format Version 12.00
# Visual Studio Version 17
VisualStudioVersion = 17.7.33920.267
MinimumVisualStudioVersion = 10.0.40219.1
Project("{FAE04EC0-301F-11D3-BF4B-00C04F79EFBC}") = "InterfaceAbstractDemo", "InterfaceAbstractDemo.csproj", "{CD9BCF2C-2BF2-44E7-B127-5B5B877AEFDC}"
EndProject
Global
	GlobalSection(SolutionConfigurationPlatforms) = preSolution
		Debug|Any CPU = Debug|Any CPU
		Release|Any CPU = Release|Any CPU
	EndGlobalSection
	GlobalSection(ProjectConfigurationPlatforms) = postSolution
		{CD9BCF2C-2BF2-44E7-B127-5B5B877AEFDC}.Debug|Any CPU.ActiveCfg = Debug|Any CPU
		{CD9BCF2C-2BF2-44E7-B127-5B5B877AEFDC}.Debug|Any CPU.Build.0 = Debug|Any CPU
		{CD9BCF2C-2BF2-44E7-B127-5B5B877AEFDC}.Release|Any CPU.ActiveCfg = Release|Any CPU
		{CD9BCF2C-2BF2-44E7-B127-5B5B877AEFDC}.Release|Any CPU.Build.0 = Release|Any CPU
	EndGlobalSection
	GlobalSection(SolutionProperties) = preSolution
		HideSolutionNode = FALSE
	EndGlobalSection
	GlobalSection(ExtensibilityGlobals) = postSolution
		SolutionGuid = {01033FE1-EC0E-43AE-AD65-574AEE6E6BE9}
	EndGlobalSection
EndGlobal
